{
  "version": 4,
  "terraform_version": "1.13.3",
  "serial": 5,
  "lineage": "6a289d97-9f37-536c-c3d5-40aee7d72d54",
  "outputs": {
    "vpc_arn": {
      "value": "arn:aws:ec2:us-east-1:000000000000:vpc/vpc-9fcf4d7ab7c19e01b",
      "type": "string"
    },
    "vpc_cidr": {
      "value": "10.0.0.0/16",
      "type": "string"
    },
    "vpc_id": {
      "value": "vpc-9fcf4d7ab7c19e01b",
      "type": "string"
    }
  },
  "resources": [
    {
      "mode": "managed",
      "type": "aws_vpc",
      "name": "main",
      "provider": "provider[\"registry.terraform.io/hashicorp/aws\"]",
      "instances": [
        {
          "schema_version": 1,
          "attributes": {
            "arn": "arn:aws:ec2:us-east-1:000000000000:vpc/vpc-9fcf4d7ab7c19e01b",
            "assign_generated_ipv6_cidr_block": false,
            "cidr_block": "10.0.0.0/16",
            "default_network_acl_id": "acl-3a7c7ca4685fe84e9",
            "default_route_table_id": "rtb-0c491d51660b8097e",
            "default_security_group_id": "sg-066088854f078c6cb",
            "dhcp_options_id": "default",
            "enable_dns_hostnames": true,
            "enable_dns_support": true,
            "enable_network_address_usage_metrics": false,
            "id": "vpc-9fcf4d7ab7c19e01b",
            "instance_tenancy": "default",
            "ipv4_ipam_pool_id": null,
            "ipv4_netmask_length": null,
            "ipv6_association_id": "",
            "ipv6_cidr_block": "",
            "ipv6_cidr_block_network_border_group": "",
            "ipv6_ipam_pool_id": "",
            "ipv6_netmask_length": 0,
            "main_route_table_id": "rtb-0c491d51660b8097e",
            "owner_id": "000000000000",
            "region": "us-east-1",
            "tags": {
              "Environment": "learning-terraform",
              "Name": "terraform-course"
            },
            "tags_all": {
              "Environment": "learning-terraform",
              "Managed_By": "Terraform",
              "Name": "terraform-course",
              "Project": "Terraform Training"
            }
          },
          "sensitive_attributes": [],
          "identity_schema_version": 0,
          "private": "eyJzY2hlbWFfdmVyc2lvbiI6IjEifQ=="
        }
      ]
    }
  ],
  "check_results": null
}
