{
  "version": 4,
  "terraform_version": "1.13.3",
  "serial": 9,
  "lineage": "944199b5-bf7b-b05d-8523-21d0b1568a5a",
  "outputs": {},
  "resources": [
    {
      "mode": "managed",
      "type": "aws_vpc",
      "name": "main",
      "provider": "provider[\"registry.terraform.io/hashicorp/aws\"]",
      "instances": [
        {
          "schema_version": 1,
          "attributes": {
            "arn": "arn:aws:ec2:us-east-1:000000000000:vpc/vpc-836606c1117dd06dc",
            "assign_generated_ipv6_cidr_block": false,
            "cidr_block": "172.16.0.0/16",
            "default_network_acl_id": "acl-31e9776a69d8236be",
            "default_route_table_id": "rtb-28807b37b977aa728",
            "default_security_group_id": "sg-051d6afbf59303eea",
            "dhcp_options_id": "default",
            "enable_dns_hostnames": true,
            "enable_dns_support": true,
            "enable_network_address_usage_metrics": false,
            "id": "vpc-836606c1117dd06dc",
            "instance_tenancy": "default",
            "ipv4_ipam_pool_id": null,
            "ipv4_netmask_length": null,
            "ipv6_association_id": "",
            "ipv6_cidr_block": "",
            "ipv6_cidr_block_network_border_group": "",
            "ipv6_ipam_pool_id": "",
            "ipv6_netmask_length": 0,
            "main_route_table_id": "rtb-28807b37b977aa728",
            "owner_id": "000000000000",
            "region": "us-east-1",
            "tags": {
              "Environment": "learning-terraform",
              "Managed_By": "Terraform",
              "Name": "terraform-course"
            },
            "tags_all": {
              "Environment": "learning-terraform",
              "Managed_By": "Terraform",
              "Name": "terraform-course"
            }
          },
          "sensitive_attributes": [],
          "identity_schema_version": 0,
          "private": "eyJzY2hlbWFfdmVyc2lvbiI6IjEifQ=="
        }
      ]
    }
  ],
  "check_results": null
}
